# This file is automatically @generated by Cargo.
# It is not intended for manual editing.
version = 4

[[package]]
name = "application"
version = "0.1.0"
dependencies = [
 "domain",
]

[[package]]
name = "domain"
version = "0.1.0"

[[package]]
name = "infrastructure"
version = "0.1.0"
dependencies = [
 "application",
 "domain",
]

[[package]]
name = "presentation"
version = "0.1.0"
dependencies = [
 "application",
 "domain",
]
